<?xml version="1.0" encoding="utf-8"?>
<Project ToolsVersion="4.0" xmlns="http://schemas.microsoft.com/developer/msbuild/2003">
  <ItemGroup>
    <Filter Include="Sources">
      <UniqueIdentifier>{8b7ed093-66ce-4096-96d2-fbb9faa4bf52}</UniqueIdentifier>
    </Filter>
    <Filter Include="Sources\Modules">
      <UniqueIdentifier>{7b418be2-1631-4a31-9ef2-8a8b234a7339}</UniqueIdentifier>
    </Filter>
    <Filter Include="Sources\Tools">
      <UniqueIdentifier>{7e4dfaf7-022c-4f7d-92aa-f3b3fa9d6248}</UniqueIdentifier>
    </Filter>
    <Filter Include="Sources\Helpers">
      <UniqueIdentifier>{121f8e6b-df36-4ab0-be0d-601ddfc9e503}</UniqueIdentifier>
    </Filter>
    <Filter Include="Sources\Core">
      <UniqueIdentifier>{dd9f5abf-361f-442e-9652-a2d9b116a338}</UniqueIdentifier>
    </Filter>
    <Filter Include="Sources\3rd party">
      <UniqueIdentifier>{75f6a04e-518d-4e40-8409-357505d9db8d}</UniqueIdentifier>
    </Filter>
    <Filter Include="Sources\3rd party\ImGui">
      <UniqueIdentifier>{a79f1b6f-351d-450a-ad65-d554c6372406}</UniqueIdentifier>
    </Filter>
    <Filter Include="Sources\3rd party\ImGui\SDL_OpenGL3">
      <UniqueIdentifier>{89de8cfe-9e09-4b1a-b363-3b116c8302b2}</UniqueIdentifier>
    </Filter>
    <Filter Include="Sources\3rd party\RandomPCG">
      <UniqueIdentifier>{141c005f-dabe-4d99-8e83-56d367926a70}</UniqueIdentifier>
    </Filter>
    <Filter Include="Sources\3rd party\Json">
      <UniqueIdentifier>{0d6a8808-8cac-47a6-b804-394f40f90aef}</UniqueIdentifier>
    </Filter>
    <Filter Include="Sources\3rd party\MMGR">
      <UniqueIdentifier>{d210b81f-cb8c-44dd-a226-223eb804aa40}</UniqueIdentifier>
    </Filter>
    <Filter Include="Sources\Tools\Trees">
      <UniqueIdentifier>{75e0972b-7459-4038-a9cb-60edd40c1476}</UniqueIdentifier>
    </Filter>
    <Filter Include="Sources\GUI">
      <UniqueIdentifier>{7f17079d-9c99-457d-9f9f-cf75952d3f85}</UniqueIdentifier>
    </Filter>
    <Filter Include="Sources\Scene elements">
      <UniqueIdentifier>{ec7df1a1-c2fc-495d-8d12-a04a8d3d9e70}</UniqueIdentifier>
    </Filter>
    <Filter Include="Sources\Scene elements\GameObjects">
      <UniqueIdentifier>{6c7ba77f-d661-4703-899b-395b856582a5}</UniqueIdentifier>
    </Filter>
    <Filter Include="Sources\Scene elements\Resources">
      <UniqueIdentifier>{367c8d5d-8ddd-4605-b96a-5ecf0c9d165a}</UniqueIdentifier>
    </Filter>
    <Filter Include="Sources\Tools\Time Management">
      <UniqueIdentifier>{e0501123-45a1-48cf-a6be-e4460ce7b12b}</UniqueIdentifier>
    </Filter>
    <Filter Include="Sources\Tools\Debug">
      <UniqueIdentifier>{15c4c9d4-9df2-4597-a6fd-46fe8491f647}</UniqueIdentifier>
    </Filter>
    <Filter Include="Sources\3rd party\Bullet">
      <UniqueIdentifier>{6ad0eb23-b327-4620-a5fd-d417a5aa5af7}</UniqueIdentifier>
    </Filter>
    <Filter Include="Sources\3rd party\Bullet\BulletCollision">
      <UniqueIdentifier>{4451dd5b-284c-4ce3-962e-acc3a41fedf3}</UniqueIdentifier>
    </Filter>
    <Filter Include="Sources\3rd party\Bullet\BulletDynamics">
      <UniqueIdentifier>{39993f11-e576-48cd-80ad-39d5a387af39}</UniqueIdentifier>
    </Filter>
    <Filter Include="Sources\3rd party\Bullet\BulletSoftBody">
      <UniqueIdentifier>{8450afeb-e886-407e-b2b6-69da98266d7e}</UniqueIdentifier>
    </Filter>
    <Filter Include="Sources\3rd party\Bullet\LinearMath">
      <UniqueIdentifier>{f955dca9-55a3-46ef-a457-bea86778fe1b}</UniqueIdentifier>
    </Filter>
    <Filter Include="Sources\3rd party\Bullet\BulletCollision\BroadphaseCollision">
      <UniqueIdentifier>{08be1a31-06c6-486a-b78a-76359332960b}</UniqueIdentifier>
    </Filter>
    <Filter Include="Sources\3rd party\Bullet\BulletCollision\CollisionDispatch">
      <UniqueIdentifier>{1097c6c5-df44-4c80-baf2-bc48d528815b}</UniqueIdentifier>
    </Filter>
    <Filter Include="Sources\3rd party\Bullet\BulletCollision\CollisionShapes">
      <UniqueIdentifier>{20d6e4f5-234f-4edc-a8b0-b1d99c7cf5f3}</UniqueIdentifier>
    </Filter>
    <Filter Include="Sources\3rd party\Bullet\BulletCollision\Gimpact">
      <UniqueIdentifier>{41c24f8d-d8b9-4616-b56e-b96ef988ac23}</UniqueIdentifier>
    </Filter>
    <Filter Include="Sources\3rd party\Bullet\BulletCollision\NarrowPhaseCollision">
      <UniqueIdentifier>{6864d235-e87d-40fa-87d8-b0322f65adb3}</UniqueIdentifier>
    </Filter>
    <Filter Include="Sources\3rd party\Bullet\BulletDynamics\Character">
      <UniqueIdentifier>{ab2706fd-97ec-4d06-9551-bad27d2c843c}</UniqueIdentifier>
    </Filter>
    <Filter Include="Sources\3rd party\Bullet\BulletDynamics\ConstraintSolver">
      <UniqueIdentifier>{cdd91c09-9f48-452a-897a-f62f2cc12de8}</UniqueIdentifier>
    </Filter>
    <Filter Include="Sources\3rd party\Bullet\BulletDynamics\Dynamics">
      <UniqueIdentifier>{d9565e2a-9458-4922-b760-bffa9ab526f6}</UniqueIdentifier>
    </Filter>
    <Filter Include="Sources\3rd party\Bullet\BulletDynamics\Featherstone">
      <UniqueIdentifier>{8c93a4cc-2f20-45d4-b25c-2e764408582d}</UniqueIdentifier>
    </Filter>
    <Filter Include="Sources\3rd party\Bullet\BulletDynamics\MLCPSolvers">
      <UniqueIdentifier>{8f7851c9-2eb8-483d-85ff-4b20975faf50}</UniqueIdentifier>
    </Filter>
    <Filter Include="Sources\3rd party\Bullet\BulletDynamics\Vehicle">
      <UniqueIdentifier>{195b66d4-6b55-4efb-ba62-68f6dd971fa2}</UniqueIdentifier>
    </Filter>
    <Filter Include="Sources\3rd party\MathGeoLib">
      <UniqueIdentifier>{779a2a7c-db82-417f-8817-96b67abd8015}</UniqueIdentifier>
    </Filter>
    <Filter Include="Sources\3rd party\MathGeoLib\src">
      <UniqueIdentifier>{65b77eca-f58c-4911-9810-28b4f72bf288}</UniqueIdentifier>
    </Filter>
  </ItemGroup>
  <ItemGroup>
    <ClInclude Include="ModuleCamera3D.h">
      <Filter>Sources\Modules</Filter>
    </ClInclude>
    <ClInclude Include="ModuleInput.h">
      <Filter>Sources\Modules</Filter>
    </ClInclude>
    <ClInclude Include="ModuleRenderer3D.h">
      <Filter>Sources\Modules</Filter>
    </ClInclude>
    <ClInclude Include="ModuleWindow.h">
      <Filter>Sources\Modules</Filter>
    </ClInclude>
    <ClInclude Include="Light.h">
      <Filter>Sources\Helpers</Filter>
    </ClInclude>
    <ClInclude Include="Application.h">
      <Filter>Sources\Core</Filter>
    </ClInclude>
    <ClInclude Include="Globals.h">
      <Filter>Sources\Core</Filter>
    </ClInclude>
    <ClInclude Include="glcorearb.h">
      <Filter>Sources\3rd party\ImGui\SDL_OpenGL3</Filter>
    </ClInclude>
    <ClInclude Include="Color.h">
      <Filter>Sources\Helpers</Filter>
    </ClInclude>
    <ClInclude Include="glmath.h">
      <Filter>Sources\Helpers</Filter>
    </ClInclude>
    <ClInclude Include="pcg_extras.hpp">
      <Filter>Sources\3rd party\RandomPCG</Filter>
    </ClInclude>
    <ClInclude Include="pcg_random.hpp">
      <Filter>Sources\3rd party\RandomPCG</Filter>
    </ClInclude>
    <ClInclude Include="pcg_uint128.hpp">
      <Filter>Sources\3rd party\RandomPCG</Filter>
    </ClInclude>
    <ClInclude Include="Json Parser\nlohmann\json.hpp">
      <Filter>Sources\3rd party\Json</Filter>
    </ClInclude>
    <ClInclude Include="OpenGL.h">
      <Filter>Sources\Tools</Filter>
    </ClInclude>
    <ClInclude Include="MainMenuBar.h">
      <Filter>Sources\GUI</Filter>
    </ClInclude>
    <ClInclude Include="UIElement.h">
      <Filter>Sources\GUI</Filter>
    </ClInclude>
    <ClInclude Include="SceneWindow.h">
      <Filter>Sources\GUI</Filter>
    </ClInclude>
    <ClInclude Include="ConsoleWindow.h">
      <Filter>Sources\GUI</Filter>
    </ClInclude>
    <ClInclude Include="ModuleGui.h">
      <Filter>Sources\Modules</Filter>
    </ClInclude>
    <ClInclude Include="mmgr\mmgr.h">
      <Filter>Sources\3rd party\MMGR</Filter>
    </ClInclude>
    <ClInclude Include="mmgr\nommgr.h">
      <Filter>Sources\3rd party\MMGR</Filter>
    </ClInclude>
    <ClInclude Include="ConfigWindow.h">
      <Filter>Sources\GUI</Filter>
    </ClInclude>
    <ClInclude Include="InspectorWindow.h">
      <Filter>Sources\GUI</Filter>
    </ClInclude>
    <ClInclude Include="HierarchyWindow.h">
      <Filter>Sources\GUI</Filter>
    </ClInclude>
    <ClInclude Include="Module.h">
      <Filter>Sources\Core</Filter>
    </ClInclude>
    <ClInclude Include="Par Shapes\par_shapes.h">
      <Filter>Sources\3rd party</Filter>
    </ClInclude>
    <ClInclude Include="Tree.h">
      <Filter>Sources\Tools\Trees</Filter>
    </ClInclude>
    <ClInclude Include="ModuleFileSystem.h">
      <Filter>Sources\Modules</Filter>
    </ClInclude>
    <ClInclude Include="Component.h">
      <Filter>Sources\Scene elements\GameObjects</Filter>
    </ClInclude>
    <ClInclude Include="ComponentMaterial.h">
      <Filter>Sources\Scene elements\GameObjects</Filter>
    </ClInclude>
    <ClInclude Include="ComponentMesh.h">
      <Filter>Sources\Scene elements\GameObjects</Filter>
    </ClInclude>
    <ClInclude Include="ComponentTransform.h">
      <Filter>Sources\Scene elements\GameObjects</Filter>
    </ClInclude>
    <ClInclude Include="ResourceMesh.h">
      <Filter>Sources\Scene elements\Resources</Filter>
    </ClInclude>
    <ClInclude Include="ResourceScene.h">
      <Filter>Sources\Scene elements\Resources</Filter>
    </ClInclude>
    <ClInclude Include="ResourceTexture.h">
      <Filter>Sources\Scene elements\Resources</Filter>
    </ClInclude>
    <ClInclude Include="GameObject.h">
      <Filter>Sources\Scene elements\GameObjects</Filter>
    </ClInclude>
    <ClInclude Include="ModuleResourceLoader.h">
      <Filter>Sources\Modules</Filter>
    </ClInclude>
    <ClInclude Include="ModuleResourceManager.h">
      <Filter>Sources\Modules</Filter>
    </ClInclude>
    <ClInclude Include="ImGui\imgui_impl_opengl3.h">
      <Filter>Sources\3rd party\ImGui\SDL_OpenGL3</Filter>
    </ClInclude>
    <ClInclude Include="ImGui\imgui_impl_sdl.h">
      <Filter>Sources\3rd party\ImGui\SDL_OpenGL3</Filter>
    </ClInclude>
    <ClInclude Include="ImGui\imconfig.h">
      <Filter>Sources\3rd party\ImGui</Filter>
    </ClInclude>
    <ClInclude Include="ImGui\imgui.h">
      <Filter>Sources\3rd party\ImGui</Filter>
    </ClInclude>
    <ClInclude Include="ImGui\imgui_internal.h">
      <Filter>Sources\3rd party\ImGui</Filter>
    </ClInclude>
    <ClInclude Include="ImGui\imstb_rectpack.h">
      <Filter>Sources\3rd party\ImGui</Filter>
    </ClInclude>
    <ClInclude Include="ImGui\imstb_textedit.h">
      <Filter>Sources\3rd party\ImGui</Filter>
    </ClInclude>
    <ClInclude Include="ImGui\imstb_truetype.h">
      <Filter>Sources\3rd party\ImGui</Filter>
    </ClInclude>
    <ClInclude Include="ComponentCamera.h">
      <Filter>Sources\Scene elements\GameObjects</Filter>
    </ClInclude>
    <ClInclude Include="ProjectWindow.h">
      <Filter>Sources\GUI</Filter>
    </ClInclude>
    <ClInclude Include="ResourceModel.h">
      <Filter>Sources\Scene elements\Resources</Filter>
    </ClInclude>
    <ClInclude Include="Intersection.h">
      <Filter>Sources\Tools</Filter>
    </ClInclude>
    <ClInclude Include="Time.h">
      <Filter>Sources\Tools\Time Management</Filter>
    </ClInclude>
    <ClInclude Include="Timer.h">
      <Filter>Sources\Tools\Time Management</Filter>
    </ClInclude>
    <ClInclude Include="DebugWindow.h">
      <Filter>Sources\GUI</Filter>
    </ClInclude>
    <ClInclude Include="ModuleScene.h">
      <Filter>Sources\Modules</Filter>
    </ClInclude>
    <ClInclude Include="Bullet\include\btBulletCollisionCommon.h">
      <Filter>Sources\3rd party\Bullet</Filter>
    </ClInclude>
    <ClInclude Include="Bullet\include\btBulletDynamicsCommon.h">
      <Filter>Sources\3rd party\Bullet</Filter>
    </ClInclude>
    <ClInclude Include="Bullet\include\BulletCollision\BroadphaseCollision\btAxisSweep3.h">
      <Filter>Sources\3rd party\Bullet\BulletCollision\BroadphaseCollision</Filter>
    </ClInclude>
    <ClInclude Include="Bullet\include\BulletCollision\BroadphaseCollision\btBroadphaseInterface.h">
      <Filter>Sources\3rd party\Bullet\BulletCollision\BroadphaseCollision</Filter>
    </ClInclude>
    <ClInclude Include="Bullet\include\BulletCollision\BroadphaseCollision\btBroadphaseProxy.h">
      <Filter>Sources\3rd party\Bullet\BulletCollision\BroadphaseCollision</Filter>
    </ClInclude>
    <ClInclude Include="Bullet\include\BulletCollision\BroadphaseCollision\btCollisionAlgorithm.h">
      <Filter>Sources\3rd party\Bullet\BulletCollision\BroadphaseCollision</Filter>
    </ClInclude>
    <ClInclude Include="Bullet\include\BulletCollision\BroadphaseCollision\btDbvt.h">
      <Filter>Sources\3rd party\Bullet\BulletCollision\BroadphaseCollision</Filter>
    </ClInclude>
    <ClInclude Include="Bullet\include\BulletCollision\BroadphaseCollision\btDbvtBroadphase.h">
      <Filter>Sources\3rd party\Bullet\BulletCollision\BroadphaseCollision</Filter>
    </ClInclude>
    <ClInclude Include="Bullet\include\BulletCollision\BroadphaseCollision\btDispatcher.h">
      <Filter>Sources\3rd party\Bullet\BulletCollision\BroadphaseCollision</Filter>
    </ClInclude>
    <ClInclude Include="Bullet\include\BulletCollision\BroadphaseCollision\btMultiSapBroadphase.h">
      <Filter>Sources\3rd party\Bullet\BulletCollision\BroadphaseCollision</Filter>
    </ClInclude>
    <ClInclude Include="Bullet\include\BulletCollision\BroadphaseCollision\btOverlappingPairCache.h">
      <Filter>Sources\3rd party\Bullet\BulletCollision\BroadphaseCollision</Filter>
    </ClInclude>
    <ClInclude Include="Bullet\include\BulletCollision\BroadphaseCollision\btOverlappingPairCallback.h">
      <Filter>Sources\3rd party\Bullet\BulletCollision\BroadphaseCollision</Filter>
    </ClInclude>
    <ClInclude Include="Bullet\include\BulletCollision\BroadphaseCollision\btQuantizedBvh.h">
      <Filter>Sources\3rd party\Bullet\BulletCollision\BroadphaseCollision</Filter>
    </ClInclude>
    <ClInclude Include="Bullet\include\BulletCollision\BroadphaseCollision\btSimpleBroadphase.h">
      <Filter>Sources\3rd party\Bullet\BulletCollision\BroadphaseCollision</Filter>
    </ClInclude>
    <ClInclude Include="Bullet\include\BulletCollision\CollisionDispatch\btActivatingCollisionAlgorithm.h">
      <Filter>Sources\3rd party\Bullet\BulletCollision\CollisionDispatch</Filter>
    </ClInclude>
    <ClInclude Include="Bullet\include\BulletCollision\CollisionDispatch\btBox2dBox2dCollisionAlgorithm.h">
      <Filter>Sources\3rd party\Bullet\BulletCollision\CollisionDispatch</Filter>
    </ClInclude>
    <ClInclude Include="Bullet\include\BulletCollision\CollisionDispatch\btBoxBoxCollisionAlgorithm.h">
      <Filter>Sources\3rd party\Bullet\BulletCollision\CollisionDispatch</Filter>
    </ClInclude>
    <ClInclude Include="Bullet\include\BulletCollision\CollisionDispatch\btBoxBoxDetector.h">
      <Filter>Sources\3rd party\Bullet\BulletCollision\CollisionDispatch</Filter>
    </ClInclude>
    <ClInclude Include="Bullet\include\BulletCollision\CollisionDispatch\btCollisionConfiguration.h">
      <Filter>Sources\3rd party\Bullet\BulletCollision\CollisionDispatch</Filter>
    </ClInclude>
    <ClInclude Include="Bullet\include\BulletCollision\CollisionDispatch\btCollisionCreateFunc.h">
      <Filter>Sources\3rd party\Bullet\BulletCollision\CollisionDispatch</Filter>
    </ClInclude>
    <ClInclude Include="Bullet\include\BulletCollision\CollisionDispatch\btCollisionDispatcher.h">
      <Filter>Sources\3rd party\Bullet\BulletCollision\CollisionDispatch</Filter>
    </ClInclude>
    <ClInclude Include="Bullet\include\BulletCollision\CollisionDispatch\btCollisionObject.h">
      <Filter>Sources\3rd party\Bullet\BulletCollision\CollisionDispatch</Filter>
    </ClInclude>
    <ClInclude Include="Bullet\include\BulletCollision\CollisionDispatch\btCollisionObjectWrapper.h">
      <Filter>Sources\3rd party\Bullet\BulletCollision\CollisionDispatch</Filter>
    </ClInclude>
    <ClInclude Include="Bullet\include\BulletCollision\CollisionDispatch\btCollisionWorld.h">
      <Filter>Sources\3rd party\Bullet\BulletCollision\CollisionDispatch</Filter>
    </ClInclude>
    <ClInclude Include="Bullet\include\BulletCollision\CollisionDispatch\btCollisionWorldImporter.h">
      <Filter>Sources\3rd party\Bullet\BulletCollision\CollisionDispatch</Filter>
    </ClInclude>
    <ClInclude Include="Bullet\include\BulletCollision\CollisionDispatch\btCompoundCollisionAlgorithm.h">
      <Filter>Sources\3rd party\Bullet\BulletCollision\CollisionDispatch</Filter>
    </ClInclude>
    <ClInclude Include="Bullet\include\BulletCollision\CollisionDispatch\btCompoundCompoundCollisionAlgorithm.h">
      <Filter>Sources\3rd party\Bullet\BulletCollision\CollisionDispatch</Filter>
    </ClInclude>
    <ClInclude Include="Bullet\include\BulletCollision\CollisionDispatch\btConvex2dConvex2dAlgorithm.h">
      <Filter>Sources\3rd party\Bullet\BulletCollision\CollisionDispatch</Filter>
    </ClInclude>
    <ClInclude Include="Bullet\include\BulletCollision\CollisionDispatch\btConvexConcaveCollisionAlgorithm.h">
      <Filter>Sources\3rd party\Bullet\BulletCollision\CollisionDispatch</Filter>
    </ClInclude>
    <ClInclude Include="Bullet\include\BulletCollision\CollisionDispatch\btConvexConvexAlgorithm.h">
      <Filter>Sources\3rd party\Bullet\BulletCollision\CollisionDispatch</Filter>
    </ClInclude>
    <ClInclude Include="Bullet\include\BulletCollision\CollisionDispatch\btConvexPlaneCollisionAlgorithm.h">
      <Filter>Sources\3rd party\Bullet\BulletCollision\CollisionDispatch</Filter>
    </ClInclude>
    <ClInclude Include="Bullet\include\BulletCollision\CollisionDispatch\btDefaultCollisionConfiguration.h">
      <Filter>Sources\3rd party\Bullet\BulletCollision\CollisionDispatch</Filter>
    </ClInclude>
    <ClInclude Include="Bullet\include\BulletCollision\CollisionDispatch\btEmptyCollisionAlgorithm.h">
      <Filter>Sources\3rd party\Bullet\BulletCollision\CollisionDispatch</Filter>
    </ClInclude>
    <ClInclude Include="Bullet\include\BulletCollision\CollisionDispatch\btGhostObject.h">
      <Filter>Sources\3rd party\Bullet\BulletCollision\CollisionDispatch</Filter>
    </ClInclude>
    <ClInclude Include="Bullet\include\BulletCollision\CollisionDispatch\btHashedSimplePairCache.h">
      <Filter>Sources\3rd party\Bullet\BulletCollision\CollisionDispatch</Filter>
    </ClInclude>
    <ClInclude Include="Bullet\include\BulletCollision\CollisionDispatch\btInternalEdgeUtility.h">
      <Filter>Sources\3rd party\Bullet\BulletCollision\CollisionDispatch</Filter>
    </ClInclude>
    <ClInclude Include="Bullet\include\BulletCollision\CollisionDispatch\btManifoldResult.h">
      <Filter>Sources\3rd party\Bullet\BulletCollision\CollisionDispatch</Filter>
    </ClInclude>
    <ClInclude Include="Bullet\include\BulletCollision\CollisionDispatch\btSimulationIslandManager.h">
      <Filter>Sources\3rd party\Bullet\BulletCollision\CollisionDispatch</Filter>
    </ClInclude>
    <ClInclude Include="Bullet\include\BulletCollision\CollisionDispatch\btSphereBoxCollisionAlgorithm.h">
      <Filter>Sources\3rd party\Bullet\BulletCollision\CollisionDispatch</Filter>
    </ClInclude>
    <ClInclude Include="Bullet\include\BulletCollision\CollisionDispatch\btSphereSphereCollisionAlgorithm.h">
      <Filter>Sources\3rd party\Bullet\BulletCollision\CollisionDispatch</Filter>
    </ClInclude>
    <ClInclude Include="Bullet\include\BulletCollision\CollisionDispatch\btSphereTriangleCollisionAlgorithm.h">
      <Filter>Sources\3rd party\Bullet\BulletCollision\CollisionDispatch</Filter>
    </ClInclude>
    <ClInclude Include="Bullet\include\BulletCollision\CollisionDispatch\btUnionFind.h">
      <Filter>Sources\3rd party\Bullet\BulletCollision\CollisionDispatch</Filter>
    </ClInclude>
    <ClInclude Include="Bullet\include\BulletCollision\CollisionDispatch\SphereTriangleDetector.h">
      <Filter>Sources\3rd party\Bullet\BulletCollision\CollisionDispatch</Filter>
    </ClInclude>
    <ClInclude Include="Bullet\include\BulletCollision\CollisionShapes\btBox2dShape.h">
      <Filter>Sources\3rd party\Bullet\BulletCollision\CollisionShapes</Filter>
    </ClInclude>
    <ClInclude Include="Bullet\include\BulletCollision\CollisionShapes\btBoxShape.h">
      <Filter>Sources\3rd party\Bullet\BulletCollision\CollisionShapes</Filter>
    </ClInclude>
    <ClInclude Include="Bullet\include\BulletCollision\CollisionShapes\btBvhTriangleMeshShape.h">
      <Filter>Sources\3rd party\Bullet\BulletCollision\CollisionShapes</Filter>
    </ClInclude>
    <ClInclude Include="Bullet\include\BulletCollision\CollisionShapes\btCapsuleShape.h">
      <Filter>Sources\3rd party\Bullet\BulletCollision\CollisionShapes</Filter>
    </ClInclude>
    <ClInclude Include="Bullet\include\BulletCollision\CollisionShapes\btCollisionMargin.h">
      <Filter>Sources\3rd party\Bullet\BulletCollision\CollisionShapes</Filter>
    </ClInclude>
    <ClInclude Include="Bullet\include\BulletCollision\CollisionShapes\btCollisionShape.h">
      <Filter>Sources\3rd party\Bullet\BulletCollision\CollisionShapes</Filter>
    </ClInclude>
    <ClInclude Include="Bullet\include\BulletCollision\CollisionShapes\btCompoundShape.h">
      <Filter>Sources\3rd party\Bullet\BulletCollision\CollisionShapes</Filter>
    </ClInclude>
    <ClInclude Include="Bullet\include\BulletCollision\CollisionShapes\btConcaveShape.h">
      <Filter>Sources\3rd party\Bullet\BulletCollision\CollisionShapes</Filter>
    </ClInclude>
    <ClInclude Include="Bullet\include\BulletCollision\CollisionShapes\btConeShape.h">
      <Filter>Sources\3rd party\Bullet\BulletCollision\CollisionShapes</Filter>
    </ClInclude>
    <ClInclude Include="Bullet\include\BulletCollision\CollisionShapes\btConvex2dShape.h">
      <Filter>Sources\3rd party\Bullet\BulletCollision\CollisionShapes</Filter>
    </ClInclude>
    <ClInclude Include="Bullet\include\BulletCollision\CollisionShapes\btConvexHullShape.h">
      <Filter>Sources\3rd party\Bullet\BulletCollision\CollisionShapes</Filter>
    </ClInclude>
    <ClInclude Include="Bullet\include\BulletCollision\CollisionShapes\btConvexInternalShape.h">
      <Filter>Sources\3rd party\Bullet\BulletCollision\CollisionShapes</Filter>
    </ClInclude>
    <ClInclude Include="Bullet\include\BulletCollision\CollisionShapes\btConvexPointCloudShape.h">
      <Filter>Sources\3rd party\Bullet\BulletCollision\CollisionShapes</Filter>
    </ClInclude>
    <ClInclude Include="Bullet\include\BulletCollision\CollisionShapes\btConvexPolyhedron.h">
      <Filter>Sources\3rd party\Bullet\BulletCollision\CollisionShapes</Filter>
    </ClInclude>
    <ClInclude Include="Bullet\include\BulletCollision\CollisionShapes\btConvexShape.h">
      <Filter>Sources\3rd party\Bullet\BulletCollision\CollisionShapes</Filter>
    </ClInclude>
    <ClInclude Include="Bullet\include\BulletCollision\CollisionShapes\btConvexTriangleMeshShape.h">
      <Filter>Sources\3rd party\Bullet\BulletCollision\CollisionShapes</Filter>
    </ClInclude>
    <ClInclude Include="Bullet\include\BulletCollision\CollisionShapes\btCylinderShape.h">
      <Filter>Sources\3rd party\Bullet\BulletCollision\CollisionShapes</Filter>
    </ClInclude>
    <ClInclude Include="Bullet\include\BulletCollision\CollisionShapes\btEmptyShape.h">
      <Filter>Sources\3rd party\Bullet\BulletCollision\CollisionShapes</Filter>
    </ClInclude>
    <ClInclude Include="Bullet\include\BulletCollision\CollisionShapes\btHeightfieldTerrainShape.h">
      <Filter>Sources\3rd party\Bullet\BulletCollision\CollisionShapes</Filter>
    </ClInclude>
    <ClInclude Include="Bullet\include\BulletCollision\CollisionShapes\btMaterial.h">
      <Filter>Sources\3rd party\Bullet\BulletCollision\CollisionShapes</Filter>
    </ClInclude>
    <ClInclude Include="Bullet\include\BulletCollision\CollisionShapes\btMinkowskiSumShape.h">
      <Filter>Sources\3rd party\Bullet\BulletCollision\CollisionShapes</Filter>
    </ClInclude>
    <ClInclude Include="Bullet\include\BulletCollision\CollisionShapes\btMultimaterialTriangleMeshShape.h">
      <Filter>Sources\3rd party\Bullet\BulletCollision\CollisionShapes</Filter>
    </ClInclude>
    <ClInclude Include="Bullet\include\BulletCollision\CollisionShapes\btMultiSphereShape.h">
      <Filter>Sources\3rd party\Bullet\BulletCollision\CollisionShapes</Filter>
    </ClInclude>
    <ClInclude Include="Bullet\include\BulletCollision\CollisionShapes\btOptimizedBvh.h">
      <Filter>Sources\3rd party\Bullet\BulletCollision\CollisionShapes</Filter>
    </ClInclude>
    <ClInclude Include="Bullet\include\BulletCollision\CollisionShapes\btPolyhedralConvexShape.h">
      <Filter>Sources\3rd party\Bullet\BulletCollision\CollisionShapes</Filter>
    </ClInclude>
    <ClInclude Include="Bullet\include\BulletCollision\CollisionShapes\btScaledBvhTriangleMeshShape.h">
      <Filter>Sources\3rd party\Bullet\BulletCollision\CollisionShapes</Filter>
    </ClInclude>
    <ClInclude Include="Bullet\include\BulletCollision\CollisionShapes\btShapeHull.h">
      <Filter>Sources\3rd party\Bullet\BulletCollision\CollisionShapes</Filter>
    </ClInclude>
    <ClInclude Include="Bullet\include\BulletCollision\CollisionShapes\btSphereShape.h">
      <Filter>Sources\3rd party\Bullet\BulletCollision\CollisionShapes</Filter>
    </ClInclude>
    <ClInclude Include="Bullet\include\BulletCollision\CollisionShapes\btStaticPlaneShape.h">
      <Filter>Sources\3rd party\Bullet\BulletCollision\CollisionShapes</Filter>
    </ClInclude>
    <ClInclude Include="Bullet\include\BulletCollision\CollisionShapes\btStridingMeshInterface.h">
      <Filter>Sources\3rd party\Bullet\BulletCollision\CollisionShapes</Filter>
    </ClInclude>
    <ClInclude Include="Bullet\include\BulletCollision\CollisionShapes\btTetrahedronShape.h">
      <Filter>Sources\3rd party\Bullet\BulletCollision\CollisionShapes</Filter>
    </ClInclude>
    <ClInclude Include="Bullet\include\BulletCollision\CollisionShapes\btTriangleBuffer.h">
      <Filter>Sources\3rd party\Bullet\BulletCollision\CollisionShapes</Filter>
    </ClInclude>
    <ClInclude Include="Bullet\include\BulletCollision\CollisionShapes\btTriangleCallback.h">
      <Filter>Sources\3rd party\Bullet\BulletCollision\CollisionShapes</Filter>
    </ClInclude>
    <ClInclude Include="Bullet\include\BulletCollision\CollisionShapes\btTriangleIndexVertexArray.h">
      <Filter>Sources\3rd party\Bullet\BulletCollision\CollisionShapes</Filter>
    </ClInclude>
    <ClInclude Include="Bullet\include\BulletCollision\CollisionShapes\btTriangleIndexVertexMaterialArray.h">
      <Filter>Sources\3rd party\Bullet\BulletCollision\CollisionShapes</Filter>
    </ClInclude>
    <ClInclude Include="Bullet\include\BulletCollision\CollisionShapes\btTriangleInfoMap.h">
      <Filter>Sources\3rd party\Bullet\BulletCollision\CollisionShapes</Filter>
    </ClInclude>
    <ClInclude Include="Bullet\include\BulletCollision\CollisionShapes\btTriangleMesh.h">
      <Filter>Sources\3rd party\Bullet\BulletCollision\CollisionShapes</Filter>
    </ClInclude>
    <ClInclude Include="Bullet\include\BulletCollision\CollisionShapes\btTriangleMeshShape.h">
      <Filter>Sources\3rd party\Bullet\BulletCollision\CollisionShapes</Filter>
    </ClInclude>
    <ClInclude Include="Bullet\include\BulletCollision\CollisionShapes\btTriangleShape.h">
      <Filter>Sources\3rd party\Bullet\BulletCollision\CollisionShapes</Filter>
    </ClInclude>
    <ClInclude Include="Bullet\include\BulletCollision\Gimpact\btBoxCollision.h">
      <Filter>Sources\3rd party\Bullet\BulletCollision\Gimpact</Filter>
    </ClInclude>
    <ClInclude Include="Bullet\include\BulletCollision\Gimpact\btClipPolygon.h">
      <Filter>Sources\3rd party\Bullet\BulletCollision\Gimpact</Filter>
    </ClInclude>
    <ClInclude Include="Bullet\include\BulletCollision\Gimpact\btCompoundFromGimpact.h">
      <Filter>Sources\3rd party\Bullet\BulletCollision\Gimpact</Filter>
    </ClInclude>
    <ClInclude Include="Bullet\include\BulletCollision\Gimpact\btContactProcessing.h">
      <Filter>Sources\3rd party\Bullet\BulletCollision\Gimpact</Filter>
    </ClInclude>
    <ClInclude Include="Bullet\include\BulletCollision\Gimpact\btGenericPoolAllocator.h">
      <Filter>Sources\3rd party\Bullet\BulletCollision\Gimpact</Filter>
    </ClInclude>
    <ClInclude Include="Bullet\include\BulletCollision\Gimpact\btGeometryOperations.h">
      <Filter>Sources\3rd party\Bullet\BulletCollision\Gimpact</Filter>
    </ClInclude>
    <ClInclude Include="Bullet\include\BulletCollision\Gimpact\btGImpactBvh.h">
      <Filter>Sources\3rd party\Bullet\BulletCollision\Gimpact</Filter>
    </ClInclude>
    <ClInclude Include="Bullet\include\BulletCollision\Gimpact\btGImpactCollisionAlgorithm.h">
      <Filter>Sources\3rd party\Bullet\BulletCollision\Gimpact</Filter>
    </ClInclude>
    <ClInclude Include="Bullet\include\BulletCollision\Gimpact\btGImpactMassUtil.h">
      <Filter>Sources\3rd party\Bullet\BulletCollision\Gimpact</Filter>
    </ClInclude>
    <ClInclude Include="Bullet\include\BulletCollision\Gimpact\btGImpactQuantizedBvh.h">
      <Filter>Sources\3rd party\Bullet\BulletCollision\Gimpact</Filter>
    </ClInclude>
    <ClInclude Include="Bullet\include\BulletCollision\Gimpact\btGImpactShape.h">
      <Filter>Sources\3rd party\Bullet\BulletCollision\Gimpact</Filter>
    </ClInclude>
    <ClInclude Include="Bullet\include\BulletCollision\Gimpact\btQuantization.h">
      <Filter>Sources\3rd party\Bullet\BulletCollision\Gimpact</Filter>
    </ClInclude>
    <ClInclude Include="Bullet\include\BulletCollision\Gimpact\btTriangleShapeEx.h">
      <Filter>Sources\3rd party\Bullet\BulletCollision\Gimpact</Filter>
    </ClInclude>
    <ClInclude Include="Bullet\include\BulletCollision\Gimpact\gim_array.h">
      <Filter>Sources\3rd party\Bullet\BulletCollision\Gimpact</Filter>
    </ClInclude>
    <ClInclude Include="Bullet\include\BulletCollision\Gimpact\gim_basic_geometry_operations.h">
      <Filter>Sources\3rd party\Bullet\BulletCollision\Gimpact</Filter>
    </ClInclude>
    <ClInclude Include="Bullet\include\BulletCollision\Gimpact\gim_bitset.h">
      <Filter>Sources\3rd party\Bullet\BulletCollision\Gimpact</Filter>
    </ClInclude>
    <ClInclude Include="Bullet\include\BulletCollision\Gimpact\gim_box_collision.h">
      <Filter>Sources\3rd party\Bullet\BulletCollision\Gimpact</Filter>
    </ClInclude>
    <ClInclude Include="Bullet\include\BulletCollision\Gimpact\gim_box_set.h">
      <Filter>Sources\3rd party\Bullet\BulletCollision\Gimpact</Filter>
    </ClInclude>
    <ClInclude Include="Bullet\include\BulletCollision\Gimpact\gim_clip_polygon.h">
      <Filter>Sources\3rd party\Bullet\BulletCollision\Gimpact</Filter>
    </ClInclude>
    <ClInclude Include="Bullet\include\BulletCollision\Gimpact\gim_contact.h">
      <Filter>Sources\3rd party\Bullet\BulletCollision\Gimpact</Filter>
    </ClInclude>
    <ClInclude Include="Bullet\include\BulletCollision\Gimpact\gim_geom_types.h">
      <Filter>Sources\3rd party\Bullet\BulletCollision\Gimpact</Filter>
    </ClInclude>
    <ClInclude Include="Bullet\include\BulletCollision\Gimpact\gim_geometry.h">
      <Filter>Sources\3rd party\Bullet\BulletCollision\Gimpact</Filter>
    </ClInclude>
    <ClInclude Include="Bullet\include\BulletCollision\Gimpact\gim_hash_table.h">
      <Filter>Sources\3rd party\Bullet\BulletCollision\Gimpact</Filter>
    </ClInclude>
    <ClInclude Include="Bullet\include\BulletCollision\Gimpact\gim_linear_math.h">
      <Filter>Sources\3rd party\Bullet\BulletCollision\Gimpact</Filter>
    </ClInclude>
    <ClInclude Include="Bullet\include\BulletCollision\Gimpact\gim_math.h">
      <Filter>Sources\3rd party\Bullet\BulletCollision\Gimpact</Filter>
    </ClInclude>
    <ClInclude Include="Bullet\include\BulletCollision\Gimpact\gim_memory.h">
      <Filter>Sources\3rd party\Bullet\BulletCollision\Gimpact</Filter>
    </ClInclude>
    <ClInclude Include="Bullet\include\BulletCollision\Gimpact\gim_radixsort.h">
      <Filter>Sources\3rd party\Bullet\BulletCollision\Gimpact</Filter>
    </ClInclude>
    <ClInclude Include="Bullet\include\BulletCollision\Gimpact\gim_tri_collision.h">
      <Filter>Sources\3rd party\Bullet\BulletCollision\Gimpact</Filter>
    </ClInclude>
    <ClInclude Include="Bullet\include\BulletCollision\NarrowPhaseCollision\btVoronoiSimplexSolver.h">
      <Filter>Sources\3rd party\Bullet\BulletCollision\NarrowPhaseCollision</Filter>
    </ClInclude>
    <ClInclude Include="Bullet\include\BulletCollision\NarrowPhaseCollision\btSubSimplexConvexCast.h">
      <Filter>Sources\3rd party\Bullet\BulletCollision\NarrowPhaseCollision</Filter>
    </ClInclude>
    <ClInclude Include="Bullet\include\BulletCollision\NarrowPhaseCollision\btSimplexSolverInterface.h">
      <Filter>Sources\3rd party\Bullet\BulletCollision\NarrowPhaseCollision</Filter>
    </ClInclude>
    <ClInclude Include="Bullet\include\BulletCollision\NarrowPhaseCollision\btRaycastCallback.h">
      <Filter>Sources\3rd party\Bullet\BulletCollision\NarrowPhaseCollision</Filter>
    </ClInclude>
    <ClInclude Include="Bullet\include\BulletCollision\NarrowPhaseCollision\btPolyhedralContactClipping.h">
      <Filter>Sources\3rd party\Bullet\BulletCollision\NarrowPhaseCollision</Filter>
    </ClInclude>
    <ClInclude Include="Bullet\include\BulletCollision\NarrowPhaseCollision\btPointCollector.h">
      <Filter>Sources\3rd party\Bullet\BulletCollision\NarrowPhaseCollision</Filter>
    </ClInclude>
    <ClInclude Include="Bullet\include\BulletCollision\NarrowPhaseCollision\btPersistentManifold.h">
      <Filter>Sources\3rd party\Bullet\BulletCollision\NarrowPhaseCollision</Filter>
    </ClInclude>
    <ClInclude Include="Bullet\include\BulletCollision\NarrowPhaseCollision\btMprPenetration.h">
      <Filter>Sources\3rd party\Bullet\BulletCollision\NarrowPhaseCollision</Filter>
    </ClInclude>
    <ClInclude Include="Bullet\include\BulletCollision\NarrowPhaseCollision\btMinkowskiPenetrationDepthSolver.h">
      <Filter>Sources\3rd party\Bullet\BulletCollision\NarrowPhaseCollision</Filter>
    </ClInclude>
    <ClInclude Include="Bullet\include\BulletCollision\NarrowPhaseCollision\btManifoldPoint.h">
      <Filter>Sources\3rd party\Bullet\BulletCollision\NarrowPhaseCollision</Filter>
    </ClInclude>
    <ClInclude Include="Bullet\include\BulletCollision\NarrowPhaseCollision\btGjkPairDetector.h">
      <Filter>Sources\3rd party\Bullet\BulletCollision\NarrowPhaseCollision</Filter>
    </ClInclude>
    <ClInclude Include="Bullet\include\BulletCollision\NarrowPhaseCollision\btGjkEpaPenetrationDepthSolver.h">
      <Filter>Sources\3rd party\Bullet\BulletCollision\NarrowPhaseCollision</Filter>
    </ClInclude>
    <ClInclude Include="Bullet\include\BulletCollision\NarrowPhaseCollision\btGjkEpa3.h">
      <Filter>Sources\3rd party\Bullet\BulletCollision\NarrowPhaseCollision</Filter>
    </ClInclude>
    <ClInclude Include="Bullet\include\BulletCollision\NarrowPhaseCollision\btGjkEpa2.h">
      <Filter>Sources\3rd party\Bullet\BulletCollision\NarrowPhaseCollision</Filter>
    </ClInclude>
    <ClInclude Include="Bullet\include\BulletCollision\NarrowPhaseCollision\btGjkConvexCast.h">
      <Filter>Sources\3rd party\Bullet\BulletCollision\NarrowPhaseCollision</Filter>
    </ClInclude>
    <ClInclude Include="Bullet\include\BulletCollision\NarrowPhaseCollision\btGjkCollisionDescription.h">
      <Filter>Sources\3rd party\Bullet\BulletCollision\NarrowPhaseCollision</Filter>
    </ClInclude>
    <ClInclude Include="Bullet\include\BulletCollision\NarrowPhaseCollision\btDiscreteCollisionDetectorInterface.h">
      <Filter>Sources\3rd party\Bullet\BulletCollision\NarrowPhaseCollision</Filter>
    </ClInclude>
    <ClInclude Include="Bullet\include\BulletCollision\NarrowPhaseCollision\btConvexPenetrationDepthSolver.h">
      <Filter>Sources\3rd party\Bullet\BulletCollision\NarrowPhaseCollision</Filter>
    </ClInclude>
    <ClInclude Include="Bullet\include\BulletCollision\NarrowPhaseCollision\btConvexCast.h">
      <Filter>Sources\3rd party\Bullet\BulletCollision\NarrowPhaseCollision</Filter>
    </ClInclude>
    <ClInclude Include="Bullet\include\BulletCollision\NarrowPhaseCollision\btContinuousConvexCollision.h">
      <Filter>Sources\3rd party\Bullet\BulletCollision\NarrowPhaseCollision</Filter>
    </ClInclude>
    <ClInclude Include="Bullet\include\BulletCollision\NarrowPhaseCollision\btComputeGjkEpaPenetration.h">
      <Filter>Sources\3rd party\Bullet\BulletCollision\NarrowPhaseCollision</Filter>
    </ClInclude>
    <ClInclude Include="Bullet\include\BulletDynamics\Character\btCharacterControllerInterface.h">
      <Filter>Sources\3rd party\Bullet\BulletDynamics\Character</Filter>
    </ClInclude>
    <ClInclude Include="Bullet\include\BulletDynamics\Character\btKinematicCharacterController.h">
      <Filter>Sources\3rd party\Bullet\BulletDynamics\Character</Filter>
    </ClInclude>
    <ClInclude Include="Bullet\include\BulletDynamics\ConstraintSolver\btConeTwistConstraint.h">
      <Filter>Sources\3rd party\Bullet\BulletDynamics\ConstraintSolver</Filter>
    </ClInclude>
    <ClInclude Include="Bullet\include\BulletDynamics\ConstraintSolver\btConstraintSolver.h">
      <Filter>Sources\3rd party\Bullet\BulletDynamics\ConstraintSolver</Filter>
    </ClInclude>
    <ClInclude Include="Bullet\include\BulletDynamics\ConstraintSolver\btContactConstraint.h">
      <Filter>Sources\3rd party\Bullet\BulletDynamics\ConstraintSolver</Filter>
    </ClInclude>
    <ClInclude Include="Bullet\include\BulletDynamics\ConstraintSolver\btContactSolverInfo.h">
      <Filter>Sources\3rd party\Bullet\BulletDynamics\ConstraintSolver</Filter>
    </ClInclude>
    <ClInclude Include="Bullet\include\BulletDynamics\ConstraintSolver\btFixedConstraint.h">
      <Filter>Sources\3rd party\Bullet\BulletDynamics\ConstraintSolver</Filter>
    </ClInclude>
    <ClInclude Include="Bullet\include\BulletDynamics\ConstraintSolver\btGearConstraint.h">
      <Filter>Sources\3rd party\Bullet\BulletDynamics\ConstraintSolver</Filter>
    </ClInclude>
    <ClInclude Include="Bullet\include\BulletDynamics\ConstraintSolver\btGeneric6DofConstraint.h">
      <Filter>Sources\3rd party\Bullet\BulletDynamics\ConstraintSolver</Filter>
    </ClInclude>
    <ClInclude Include="Bullet\include\BulletDynamics\ConstraintSolver\btGeneric6DofSpring2Constraint.h">
      <Filter>Sources\3rd party\Bullet\BulletDynamics\ConstraintSolver</Filter>
    </ClInclude>
    <ClInclude Include="Bullet\include\BulletDynamics\ConstraintSolver\btGeneric6DofSpringConstraint.h">
      <Filter>Sources\3rd party\Bullet\BulletDynamics\ConstraintSolver</Filter>
    </ClInclude>
    <ClInclude Include="Bullet\include\BulletDynamics\ConstraintSolver\btHinge2Constraint.h">
      <Filter>Sources\3rd party\Bullet\BulletDynamics\ConstraintSolver</Filter>
    </ClInclude>
    <ClInclude Include="Bullet\include\BulletDynamics\ConstraintSolver\btHingeConstraint.h">
      <Filter>Sources\3rd party\Bullet\BulletDynamics\ConstraintSolver</Filter>
    </ClInclude>
    <ClInclude Include="Bullet\include\BulletDynamics\ConstraintSolver\btJacobianEntry.h">
      <Filter>Sources\3rd party\Bullet\BulletDynamics\ConstraintSolver</Filter>
    </ClInclude>
    <ClInclude Include="Bullet\include\BulletDynamics\ConstraintSolver\btNNCGConstraintSolver.h">
      <Filter>Sources\3rd party\Bullet\BulletDynamics\ConstraintSolver</Filter>
    </ClInclude>
    <ClInclude Include="Bullet\include\BulletDynamics\ConstraintSolver\btPoint2PointConstraint.h">
      <Filter>Sources\3rd party\Bullet\BulletDynamics\ConstraintSolver</Filter>
    </ClInclude>
    <ClInclude Include="Bullet\include\BulletDynamics\ConstraintSolver\btSequentialImpulseConstraintSolver.h">
      <Filter>Sources\3rd party\Bullet\BulletDynamics\ConstraintSolver</Filter>
    </ClInclude>
    <ClInclude Include="Bullet\include\BulletDynamics\ConstraintSolver\btSliderConstraint.h">
      <Filter>Sources\3rd party\Bullet\BulletDynamics\ConstraintSolver</Filter>
    </ClInclude>
    <ClInclude Include="Bullet\include\BulletDynamics\ConstraintSolver\btSolve2LinearConstraint.h">
      <Filter>Sources\3rd party\Bullet\BulletDynamics\ConstraintSolver</Filter>
    </ClInclude>
    <ClInclude Include="Bullet\include\BulletDynamics\ConstraintSolver\btSolverBody.h">
      <Filter>Sources\3rd party\Bullet\BulletDynamics\ConstraintSolver</Filter>
    </ClInclude>
    <ClInclude Include="Bullet\include\BulletDynamics\ConstraintSolver\btSolverConstraint.h">
      <Filter>Sources\3rd party\Bullet\BulletDynamics\ConstraintSolver</Filter>
    </ClInclude>
    <ClInclude Include="Bullet\include\BulletDynamics\ConstraintSolver\btTypedConstraint.h">
      <Filter>Sources\3rd party\Bullet\BulletDynamics\ConstraintSolver</Filter>
    </ClInclude>
    <ClInclude Include="Bullet\include\BulletDynamics\ConstraintSolver\btUniversalConstraint.h">
      <Filter>Sources\3rd party\Bullet\BulletDynamics\ConstraintSolver</Filter>
    </ClInclude>
    <ClInclude Include="Bullet\include\BulletDynamics\Dynamics\btActionInterface.h">
      <Filter>Sources\3rd party\Bullet\BulletDynamics\Dynamics</Filter>
    </ClInclude>
    <ClInclude Include="Bullet\include\BulletDynamics\Dynamics\btDiscreteDynamicsWorld.h">
      <Filter>Sources\3rd party\Bullet\BulletDynamics\Dynamics</Filter>
    </ClInclude>
    <ClInclude Include="Bullet\include\BulletDynamics\Dynamics\btDynamicsWorld.h">
      <Filter>Sources\3rd party\Bullet\BulletDynamics\Dynamics</Filter>
    </ClInclude>
    <ClInclude Include="Bullet\include\BulletDynamics\Dynamics\btRigidBody.h">
      <Filter>Sources\3rd party\Bullet\BulletDynamics\Dynamics</Filter>
    </ClInclude>
    <ClInclude Include="Bullet\include\BulletDynamics\Dynamics\btSimpleDynamicsWorld.h">
      <Filter>Sources\3rd party\Bullet\BulletDynamics\Dynamics</Filter>
    </ClInclude>
    <ClInclude Include="Bullet\include\BulletDynamics\Featherstone\btMultiBody.h">
      <Filter>Sources\3rd party\Bullet\BulletDynamics\Featherstone</Filter>
    </ClInclude>
    <ClInclude Include="Bullet\include\BulletDynamics\Featherstone\btMultiBodyConstraint.h">
      <Filter>Sources\3rd party\Bullet\BulletDynamics\Featherstone</Filter>
    </ClInclude>
    <ClInclude Include="Bullet\include\BulletDynamics\Featherstone\btMultiBodyConstraintSolver.h">
      <Filter>Sources\3rd party\Bullet\BulletDynamics\Featherstone</Filter>
    </ClInclude>
    <ClInclude Include="Bullet\include\BulletDynamics\Featherstone\btMultiBodyDynamicsWorld.h">
      <Filter>Sources\3rd party\Bullet\BulletDynamics\Featherstone</Filter>
    </ClInclude>
    <ClInclude Include="Bullet\include\BulletDynamics\Featherstone\btMultiBodyJointFeedback.h">
      <Filter>Sources\3rd party\Bullet\BulletDynamics\Featherstone</Filter>
    </ClInclude>
    <ClInclude Include="Bullet\include\BulletDynamics\Featherstone\btMultiBodyJointLimitConstraint.h">
      <Filter>Sources\3rd party\Bullet\BulletDynamics\Featherstone</Filter>
    </ClInclude>
    <ClInclude Include="Bullet\include\BulletDynamics\Featherstone\btMultiBodyJointMotor.h">
      <Filter>Sources\3rd party\Bullet\BulletDynamics\Featherstone</Filter>
    </ClInclude>
    <ClInclude Include="Bullet\include\BulletDynamics\Featherstone\btMultiBodyLink.h">
      <Filter>Sources\3rd party\Bullet\BulletDynamics\Featherstone</Filter>
    </ClInclude>
    <ClInclude Include="Bullet\include\BulletDynamics\Featherstone\btMultiBodyLinkCollider.h">
      <Filter>Sources\3rd party\Bullet\BulletDynamics\Featherstone</Filter>
    </ClInclude>
    <ClInclude Include="Bullet\include\BulletDynamics\Featherstone\btMultiBodyPoint2Point.h">
      <Filter>Sources\3rd party\Bullet\BulletDynamics\Featherstone</Filter>
    </ClInclude>
    <ClInclude Include="Bullet\include\BulletDynamics\Featherstone\btMultiBodySolverConstraint.h">
      <Filter>Sources\3rd party\Bullet\BulletDynamics\Featherstone</Filter>
    </ClInclude>
    <ClInclude Include="Bullet\include\BulletDynamics\MLCPSolvers\btDantzigLCP.h">
      <Filter>Sources\3rd party\Bullet\BulletDynamics\MLCPSolvers</Filter>
    </ClInclude>
    <ClInclude Include="Bullet\include\BulletDynamics\MLCPSolvers\btDantzigSolver.h">
      <Filter>Sources\3rd party\Bullet\BulletDynamics\MLCPSolvers</Filter>
    </ClInclude>
    <ClInclude Include="Bullet\include\BulletDynamics\MLCPSolvers\btLemkeAlgorithm.h">
      <Filter>Sources\3rd party\Bullet\BulletDynamics\MLCPSolvers</Filter>
    </ClInclude>
    <ClInclude Include="Bullet\include\BulletDynamics\MLCPSolvers\btLemkeSolver.h">
      <Filter>Sources\3rd party\Bullet\BulletDynamics\MLCPSolvers</Filter>
    </ClInclude>
    <ClInclude Include="Bullet\include\BulletDynamics\MLCPSolvers\btMLCPSolver.h">
      <Filter>Sources\3rd party\Bullet\BulletDynamics\MLCPSolvers</Filter>
    </ClInclude>
    <ClInclude Include="Bullet\include\BulletDynamics\MLCPSolvers\btMLCPSolverInterface.h">
      <Filter>Sources\3rd party\Bullet\BulletDynamics\MLCPSolvers</Filter>
    </ClInclude>
    <ClInclude Include="Bullet\include\BulletDynamics\MLCPSolvers\btPATHSolver.h">
      <Filter>Sources\3rd party\Bullet\BulletDynamics\MLCPSolvers</Filter>
    </ClInclude>
    <ClInclude Include="Bullet\include\BulletDynamics\MLCPSolvers\btSolveProjectedGaussSeidel.h">
      <Filter>Sources\3rd party\Bullet\BulletDynamics\MLCPSolvers</Filter>
    </ClInclude>
    <ClInclude Include="Bullet\include\BulletDynamics\Vehicle\btRaycastVehicle.h">
      <Filter>Sources\3rd party\Bullet\BulletDynamics\Vehicle</Filter>
    </ClInclude>
    <ClInclude Include="Bullet\include\BulletDynamics\Vehicle\btVehicleRaycaster.h">
      <Filter>Sources\3rd party\Bullet\BulletDynamics\Vehicle</Filter>
    </ClInclude>
    <ClInclude Include="Bullet\include\BulletDynamics\Vehicle\btWheelInfo.h">
      <Filter>Sources\3rd party\Bullet\BulletDynamics\Vehicle</Filter>
    </ClInclude>
    <ClInclude Include="Bullet\include\BulletSoftBody\btDefaultSoftBodySolver.h">
      <Filter>Sources\3rd party\Bullet\BulletSoftBody</Filter>
    </ClInclude>
    <ClInclude Include="Bullet\include\BulletSoftBody\btSoftBody.h">
      <Filter>Sources\3rd party\Bullet\BulletSoftBody</Filter>
    </ClInclude>
    <ClInclude Include="Bullet\include\BulletSoftBody\btSoftBodyConcaveCollisionAlgorithm.h">
      <Filter>Sources\3rd party\Bullet\BulletSoftBody</Filter>
    </ClInclude>
    <ClInclude Include="Bullet\include\BulletSoftBody\btSoftBodyData.h">
      <Filter>Sources\3rd party\Bullet\BulletSoftBody</Filter>
    </ClInclude>
    <ClInclude Include="Bullet\include\BulletSoftBody\btSoftBodyHelpers.h">
      <Filter>Sources\3rd party\Bullet\BulletSoftBody</Filter>
    </ClInclude>
    <ClInclude Include="Bullet\include\BulletSoftBody\btSoftBodyInternals.h">
      <Filter>Sources\3rd party\Bullet\BulletSoftBody</Filter>
    </ClInclude>
    <ClInclude Include="Bullet\include\BulletSoftBody\btSoftBodyRigidBodyCollisionConfiguration.h">
      <Filter>Sources\3rd party\Bullet\BulletSoftBody</Filter>
    </ClInclude>
    <ClInclude Include="Bullet\include\BulletSoftBody\btSoftBodySolvers.h">
      <Filter>Sources\3rd party\Bullet\BulletSoftBody</Filter>
    </ClInclude>
    <ClInclude Include="Bullet\include\BulletSoftBody\btSoftBodySolverVertexBuffer.h">
      <Filter>Sources\3rd party\Bullet\BulletSoftBody</Filter>
    </ClInclude>
    <ClInclude Include="Bullet\include\BulletSoftBody\btSoftRigidCollisionAlgorithm.h">
      <Filter>Sources\3rd party\Bullet\BulletSoftBody</Filter>
    </ClInclude>
    <ClInclude Include="Bullet\include\BulletSoftBody\btSoftRigidDynamicsWorld.h">
      <Filter>Sources\3rd party\Bullet\BulletSoftBody</Filter>
    </ClInclude>
    <ClInclude Include="Bullet\include\BulletSoftBody\btSoftSoftCollisionAlgorithm.h">
      <Filter>Sources\3rd party\Bullet\BulletSoftBody</Filter>
    </ClInclude>
    <ClInclude Include="Bullet\include\BulletSoftBody\btSparseSDF.h">
      <Filter>Sources\3rd party\Bullet\BulletSoftBody</Filter>
    </ClInclude>
    <ClInclude Include="Bullet\include\LinearMath\btAabbUtil2.h">
      <Filter>Sources\3rd party\Bullet\LinearMath</Filter>
    </ClInclude>
    <ClInclude Include="Bullet\include\LinearMath\btAlignedAllocator.h">
      <Filter>Sources\3rd party\Bullet\LinearMath</Filter>
    </ClInclude>
    <ClInclude Include="Bullet\include\LinearMath\btAlignedObjectArray.h">
      <Filter>Sources\3rd party\Bullet\LinearMath</Filter>
    </ClInclude>
    <ClInclude Include="Bullet\include\LinearMath\btConvexHull.h">
      <Filter>Sources\3rd party\Bullet\LinearMath</Filter>
    </ClInclude>
    <ClInclude Include="Bullet\include\LinearMath\btConvexHullComputer.h">
      <Filter>Sources\3rd party\Bullet\LinearMath</Filter>
    </ClInclude>
    <ClInclude Include="Bullet\include\LinearMath\btCpuFeatureUtility.h">
      <Filter>Sources\3rd party\Bullet\LinearMath</Filter>
    </ClInclude>
    <ClInclude Include="Bullet\include\LinearMath\btDefaultMotionState.h">
      <Filter>Sources\3rd party\Bullet\LinearMath</Filter>
    </ClInclude>
    <ClInclude Include="Bullet\include\LinearMath\btGeometryUtil.h">
      <Filter>Sources\3rd party\Bullet\LinearMath</Filter>
    </ClInclude>
    <ClInclude Include="Bullet\include\LinearMath\btGrahamScan2dConvexHull.h">
      <Filter>Sources\3rd party\Bullet\LinearMath</Filter>
    </ClInclude>
    <ClInclude Include="Bullet\include\LinearMath\btHashMap.h">
      <Filter>Sources\3rd party\Bullet\LinearMath</Filter>
    </ClInclude>
    <ClInclude Include="Bullet\include\LinearMath\btIDebugDraw.h">
      <Filter>Sources\3rd party\Bullet\LinearMath</Filter>
    </ClInclude>
    <ClInclude Include="Bullet\include\LinearMath\btList.h">
      <Filter>Sources\3rd party\Bullet\LinearMath</Filter>
    </ClInclude>
    <ClInclude Include="Bullet\include\LinearMath\btMatrix3x3.h">
      <Filter>Sources\3rd party\Bullet\LinearMath</Filter>
    </ClInclude>
    <ClInclude Include="Bullet\include\LinearMath\btMatrixX.h">
      <Filter>Sources\3rd party\Bullet\LinearMath</Filter>
    </ClInclude>
    <ClInclude Include="Bullet\include\LinearMath\btMinMax.h">
      <Filter>Sources\3rd party\Bullet\LinearMath</Filter>
    </ClInclude>
    <ClInclude Include="Bullet\include\LinearMath\btMotionState.h">
      <Filter>Sources\3rd party\Bullet\LinearMath</Filter>
    </ClInclude>
    <ClInclude Include="Bullet\include\LinearMath\btPolarDecomposition.h">
      <Filter>Sources\3rd party\Bullet\LinearMath</Filter>
    </ClInclude>
    <ClInclude Include="Bullet\include\LinearMath\btPoolAllocator.h">
      <Filter>Sources\3rd party\Bullet\LinearMath</Filter>
    </ClInclude>
    <ClInclude Include="Bullet\include\LinearMath\btQuadWord.h">
      <Filter>Sources\3rd party\Bullet\LinearMath</Filter>
    </ClInclude>
    <ClInclude Include="Bullet\include\LinearMath\btQuaternion.h">
      <Filter>Sources\3rd party\Bullet\LinearMath</Filter>
    </ClInclude>
    <ClInclude Include="Bullet\include\LinearMath\btQuickprof.h">
      <Filter>Sources\3rd party\Bullet\LinearMath</Filter>
    </ClInclude>
    <ClInclude Include="Bullet\include\LinearMath\btRandom.h">
      <Filter>Sources\3rd party\Bullet\LinearMath</Filter>
    </ClInclude>
    <ClInclude Include="Bullet\include\LinearMath\btScalar.h">
      <Filter>Sources\3rd party\Bullet\LinearMath</Filter>
    </ClInclude>
    <ClInclude Include="Bullet\include\LinearMath\btSerializer.h">
      <Filter>Sources\3rd party\Bullet\LinearMath</Filter>
    </ClInclude>
    <ClInclude Include="Bullet\include\LinearMath\btSpatialAlgebra.h">
      <Filter>Sources\3rd party\Bullet\LinearMath</Filter>
    </ClInclude>
    <ClInclude Include="Bullet\include\LinearMath\btStackAlloc.h">
      <Filter>Sources\3rd party\Bullet\LinearMath</Filter>
    </ClInclude>
    <ClInclude Include="Bullet\include\LinearMath\btTransform.h">
      <Filter>Sources\3rd party\Bullet\LinearMath</Filter>
    </ClInclude>
    <ClInclude Include="Bullet\include\LinearMath\btTransformUtil.h">
      <Filter>Sources\3rd party\Bullet\LinearMath</Filter>
    </ClInclude>
    <ClInclude Include="Bullet\include\LinearMath\btVector3.h">
      <Filter>Sources\3rd party\Bullet\LinearMath</Filter>
    </ClInclude>
    <ClInclude Include="ModulePhysics.h">
      <Filter>Sources\Modules</Filter>
    </ClInclude>
    <ClInclude Include="Debug.h">
      <Filter>Sources\Tools\Debug</Filter>
    </ClInclude>
    <ClInclude Include="MathGeoLib\include\MathBuildConfig.h">
      <Filter>Sources\3rd party\MathGeoLib</Filter>
    </ClInclude>
    <ClInclude Include="MathGeoLib\include\MathGeoLib.h">
      <Filter>Sources\3rd party\MathGeoLib</Filter>
    </ClInclude>
    <ClInclude Include="MathGeoLib\include\MathGeoLibFwd.h">
      <Filter>Sources\3rd party\MathGeoLib</Filter>
    </ClInclude>
    <ClInclude Include="MathGeoLib\include\Algorithm\Random\LCG.h">
      <Filter>Sources\3rd party\MathGeoLib\src</Filter>
    </ClInclude>
    <ClInclude Include="MathGeoLib\include\Geometry\AABB.h">
      <Filter>Sources\3rd party\MathGeoLib\src</Filter>
    </ClInclude>
    <ClInclude Include="MathGeoLib\include\Geometry\AABB2D.h">
      <Filter>Sources\3rd party\MathGeoLib\src</Filter>
    </ClInclude>
    <ClInclude Include="MathGeoLib\include\Geometry\Capsule.h">
      <Filter>Sources\3rd party\MathGeoLib\src</Filter>
    </ClInclude>
    <ClInclude Include="MathGeoLib\include\Geometry\Circle.h">
      <Filter>Sources\3rd party\MathGeoLib\src</Filter>
    </ClInclude>
    <ClInclude Include="MathGeoLib\include\Geometry\Cone.h">
      <Filter>Sources\3rd party\MathGeoLib\src</Filter>
    </ClInclude>
    <ClInclude Include="MathGeoLib\include\Geometry\Cylinder.h">
      <Filter>Sources\3rd party\MathGeoLib\src</Filter>
    </ClInclude>
    <ClInclude Include="MathGeoLib\include\Geometry\Frustum.h">
      <Filter>Sources\3rd party\MathGeoLib\src</Filter>
    </ClInclude>
    <ClInclude Include="MathGeoLib\include\Geometry\GeometryAll.h">
      <Filter>Sources\3rd party\MathGeoLib\src</Filter>
    </ClInclude>
    <ClInclude Include="MathGeoLib\include\Geometry\GeomType.h">
      <Filter>Sources\3rd party\MathGeoLib\src</Filter>
    </ClInclude>
    <ClInclude Include="MathGeoLib\include\Geometry\HitInfo.h">
      <Filter>Sources\3rd party\MathGeoLib\src</Filter>
    </ClInclude>
    <ClInclude Include="MathGeoLib\include\Geometry\KDTree.h">
      <Filter>Sources\3rd party\MathGeoLib\src</Filter>
    </ClInclude>
    <ClInclude Include="MathGeoLib\include\Geometry\Line.h">
      <Filter>Sources\3rd party\MathGeoLib\src</Filter>
    </ClInclude>
    <ClInclude Include="MathGeoLib\include\Geometry\LineSegment.h">
      <Filter>Sources\3rd party\MathGeoLib\src</Filter>
    </ClInclude>
    <ClInclude Include="MathGeoLib\include\Geometry\OBB.h">
      <Filter>Sources\3rd party\MathGeoLib\src</Filter>
    </ClInclude>
    <ClInclude Include="MathGeoLib\include\Geometry\PBVolume.h">
      <Filter>Sources\3rd party\MathGeoLib\src</Filter>
    </ClInclude>
    <ClInclude Include="MathGeoLib\include\Geometry\Plane.h">
      <Filter>Sources\3rd party\MathGeoLib\src</Filter>
    </ClInclude>
    <ClInclude Include="MathGeoLib\include\Geometry\Polygon.h">
      <Filter>Sources\3rd party\MathGeoLib\src</Filter>
    </ClInclude>
    <ClInclude Include="MathGeoLib\include\Geometry\Polyhedron.h">
      <Filter>Sources\3rd party\MathGeoLib\src</Filter>
    </ClInclude>
    <ClInclude Include="MathGeoLib\include\Geometry\QuadTree.h">
      <Filter>Sources\3rd party\MathGeoLib\src</Filter>
    </ClInclude>
    <ClInclude Include="MathGeoLib\include\Geometry\Ray.h">
      <Filter>Sources\3rd party\MathGeoLib\src</Filter>
    </ClInclude>
    <ClInclude Include="MathGeoLib\include\Geometry\Sphere.h">
      <Filter>Sources\3rd party\MathGeoLib\src</Filter>
    </ClInclude>
    <ClInclude Include="MathGeoLib\include\Geometry\Triangle.h">
      <Filter>Sources\3rd party\MathGeoLib\src</Filter>
    </ClInclude>
    <ClInclude Include="MathGeoLib\include\Geometry\TriangleMesh.h">
      <Filter>Sources\3rd party\MathGeoLib\src</Filter>
    </ClInclude>
    <ClInclude Include="MathGeoLib\include\Math\assume.h">
      <Filter>Sources\3rd party\MathGeoLib\src</Filter>
    </ClInclude>
    <ClInclude Include="MathGeoLib\include\Math\BitOps.h">
      <Filter>Sources\3rd party\MathGeoLib\src</Filter>
    </ClInclude>
    <ClInclude Include="MathGeoLib\include\Math\Complex.h">
      <Filter>Sources\3rd party\MathGeoLib\src</Filter>
    </ClInclude>
    <ClInclude Include="MathGeoLib\include\Math\CoordinateAxisConvention.h">
      <Filter>Sources\3rd party\MathGeoLib\src</Filter>
    </ClInclude>
    <ClInclude Include="MathGeoLib\include\Math\FixedPoint.h">
      <Filter>Sources\3rd party\MathGeoLib\src</Filter>
    </ClInclude>
    <ClInclude Include="MathGeoLib\include\Math\float2.h">
      <Filter>Sources\3rd party\MathGeoLib\src</Filter>
    </ClInclude>
    <ClInclude Include="MathGeoLib\include\Math\float3.h">
      <Filter>Sources\3rd party\MathGeoLib\src</Filter>
    </ClInclude>
    <ClInclude Include="MathGeoLib\include\Math\float3x3.h">
      <Filter>Sources\3rd party\MathGeoLib\src</Filter>
    </ClInclude>
    <ClInclude Include="MathGeoLib\include\Math\float3x4.h">
      <Filter>Sources\3rd party\MathGeoLib\src</Filter>
    </ClInclude>
    <ClInclude Include="MathGeoLib\include\Math\float4.h">
      <Filter>Sources\3rd party\MathGeoLib\src</Filter>
    </ClInclude>
    <ClInclude Include="MathGeoLib\include\Math\float4_neon.h">
      <Filter>Sources\3rd party\MathGeoLib\src</Filter>
    </ClInclude>
    <ClInclude Include="MathGeoLib\include\Math\float4_sse.h">
      <Filter>Sources\3rd party\MathGeoLib\src</Filter>
    </ClInclude>
    <ClInclude Include="MathGeoLib\include\Math\float4x4.h">
      <Filter>Sources\3rd party\MathGeoLib\src</Filter>
    </ClInclude>
    <ClInclude Include="MathGeoLib\include\Math\float4x4_neon.h">
      <Filter>Sources\3rd party\MathGeoLib\src</Filter>
    </ClInclude>
    <ClInclude Include="MathGeoLib\include\Math\float4x4_sse.h">
      <Filter>Sources\3rd party\MathGeoLib\src</Filter>
    </ClInclude>
    <ClInclude Include="MathGeoLib\include\Math\FloatCmp.h">
      <Filter>Sources\3rd party\MathGeoLib\src</Filter>
    </ClInclude>
    <ClInclude Include="MathGeoLib\include\Math\MathAll.h">
      <Filter>Sources\3rd party\MathGeoLib\src</Filter>
    </ClInclude>
    <ClInclude Include="MathGeoLib\include\Math\MathConstants.h">
      <Filter>Sources\3rd party\MathGeoLib\src</Filter>
    </ClInclude>
    <ClInclude Include="MathGeoLib\include\Math\MathFunc.h">
      <Filter>Sources\3rd party\MathGeoLib\src</Filter>
    </ClInclude>
    <ClInclude Include="MathGeoLib\include\Math\MathLog.h">
      <Filter>Sources\3rd party\MathGeoLib\src</Filter>
    </ClInclude>
    <ClInclude Include="MathGeoLib\include\Math\MathNamespace.h">
      <Filter>Sources\3rd party\MathGeoLib\src</Filter>
    </ClInclude>
    <ClInclude Include="MathGeoLib\include\Math\MathTypes.h">
      <Filter>Sources\3rd party\MathGeoLib\src</Filter>
    </ClInclude>
    <ClInclude Include="MathGeoLib\include\Math\MatrixProxy.h">
      <Filter>Sources\3rd party\MathGeoLib\src</Filter>
    </ClInclude>
    <ClInclude Include="MathGeoLib\include\Math\myassert.h">
      <Filter>Sources\3rd party\MathGeoLib\src</Filter>
    </ClInclude>
    <ClInclude Include="MathGeoLib\include\Math\Polynomial.h">
      <Filter>Sources\3rd party\MathGeoLib\src</Filter>
    </ClInclude>
    <ClInclude Include="MathGeoLib\include\Math\Quat.h">
      <Filter>Sources\3rd party\MathGeoLib\src</Filter>
    </ClInclude>
    <ClInclude Include="MathGeoLib\include\Math\quat_simd.h">
      <Filter>Sources\3rd party\MathGeoLib\src</Filter>
    </ClInclude>
    <ClInclude Include="MathGeoLib\include\Math\Rect.h">
      <Filter>Sources\3rd party\MathGeoLib\src</Filter>
    </ClInclude>
    <ClInclude Include="MathGeoLib\include\Math\Reinterpret.h">
      <Filter>Sources\3rd party\MathGeoLib\src</Filter>
    </ClInclude>
    <ClInclude Include="MathGeoLib\include\Math\sse_mathfun.h">
      <Filter>Sources\3rd party\MathGeoLib\src</Filter>
    </ClInclude>
    <ClInclude Include="MathGeoLib\include\Math\SSEMath.h">
      <Filter>Sources\3rd party\MathGeoLib\src</Filter>
    </ClInclude>
    <ClInclude Include="MathGeoLib\include\Math\TransformOps.h">
      <Filter>Sources\3rd party\MathGeoLib\src</Filter>
    </ClInclude>
    <ClInclude Include="MathGeoLib\include\Time\Clock.h">
      <Filter>Sources\3rd party\MathGeoLib\src</Filter>
    </ClInclude>
    <ClInclude Include="ComponentRigidbody.h">
      <Filter>Sources\Scene elements\GameObjects</Filter>
    </ClInclude>
    <ClInclude Include="Primitive.h">
      <Filter>Sources\Helpers</Filter>
    </ClInclude>
    <ClInclude Include="ModulePlayer.h">
      <Filter>Sources\Modules</Filter>
    </ClInclude>
    <ClInclude Include="PhysVehicle.h">
      <Filter>Sources\Helpers</Filter>
    </ClInclude>
  </ItemGroup>
  <ItemGroup>
    <ClCompile Include="ModuleCamera3D.cpp">
      <Filter>Sources\Modules</Filter>
    </ClCompile>
    <ClCompile Include="ModuleInput.cpp">
      <Filter>Sources\Modules</Filter>
    </ClCompile>
    <ClCompile Include="ModuleRenderer3D.cpp">
      <Filter>Sources\Modules</Filter>
    </ClCompile>
    <ClCompile Include="ModuleWindow.cpp">
      <Filter>Sources\Modules</Filter>
    </ClCompile>
    <ClCompile Include="log.cpp">
      <Filter>Sources\Tools</Filter>
    </ClCompile>
    <ClCompile Include="Light.cpp">
      <Filter>Sources\Helpers</Filter>
    </ClCompile>
    <ClCompile Include="Application.cpp">
      <Filter>Sources\Core</Filter>
    </ClCompile>
    <ClCompile Include="Main.cpp">
      <Filter>Sources\Core</Filter>
    </ClCompile>
    <ClCompile Include="Color.cpp">
      <Filter>Sources\Helpers</Filter>
    </ClCompile>
    <ClCompile Include="glmath.cpp">
      <Filter>Sources\Helpers</Filter>
    </ClCompile>
    <ClCompile Include="MainMenuBar.cpp">
      <Filter>Sources\GUI</Filter>
    </ClCompile>
    <ClCompile Include="SceneWindow.cpp">
      <Filter>Sources\GUI</Filter>
    </ClCompile>
    <ClCompile Include="ConsoleWindow.cpp">
      <Filter>Sources\GUI</Filter>
    </ClCompile>
    <ClCompile Include="ModuleGui.cpp">
      <Filter>Sources\Modules</Filter>
    </ClCompile>
    <ClCompile Include="mmgr\mmgr.cpp">
      <Filter>Sources\3rd party\MMGR</Filter>
    </ClCompile>
    <ClCompile Include="ConfigWindow.cpp">
      <Filter>Sources\GUI</Filter>
    </ClCompile>
    <ClCompile Include="InspectorWindow.cpp">
      <Filter>Sources\GUI</Filter>
    </ClCompile>
    <ClCompile Include="HierarchyWindow.cpp">
      <Filter>Sources\GUI</Filter>
    </ClCompile>
    <ClCompile Include="Tree.cpp">
      <Filter>Sources\Tools\Trees</Filter>
    </ClCompile>
    <ClCompile Include="ModuleFileSystem.cpp">
      <Filter>Sources\Modules</Filter>
    </ClCompile>
    <ClCompile Include="ComponentMaterial.cpp">
      <Filter>Sources\Scene elements\GameObjects</Filter>
    </ClCompile>
    <ClCompile Include="ComponentMesh.cpp">
      <Filter>Sources\Scene elements\GameObjects</Filter>
    </ClCompile>
    <ClCompile Include="ComponentTransform.cpp">
      <Filter>Sources\Scene elements\GameObjects</Filter>
    </ClCompile>
    <ClCompile Include="GameObject.cpp">
      <Filter>Sources\Scene elements\GameObjects</Filter>
    </ClCompile>
    <ClCompile Include="ModuleResourceLoader.cpp">
      <Filter>Sources\Modules</Filter>
    </ClCompile>
    <ClCompile Include="ModuleResourceManager.cpp">
      <Filter>Sources\Modules</Filter>
    </ClCompile>
    <ClCompile Include="ImGui\imgui_impl_opengl3.cpp">
      <Filter>Sources\3rd party\ImGui\SDL_OpenGL3</Filter>
    </ClCompile>
    <ClCompile Include="ImGui\imgui_impl_sdl.cpp">
      <Filter>Sources\3rd party\ImGui\SDL_OpenGL3</Filter>
    </ClCompile>
    <ClCompile Include="ImGui\imgui.cpp">
      <Filter>Sources\3rd party\ImGui</Filter>
    </ClCompile>
    <ClCompile Include="ImGui\imgui_demo.cpp">
      <Filter>Sources\3rd party\ImGui</Filter>
    </ClCompile>
    <ClCompile Include="ImGui\imgui_draw.cpp">
      <Filter>Sources\3rd party\ImGui</Filter>
    </ClCompile>
    <ClCompile Include="ImGui\imgui_widgets.cpp">
      <Filter>Sources\3rd party\ImGui</Filter>
    </ClCompile>
    <ClCompile Include="Component.cpp">
      <Filter>Sources\Scene elements\GameObjects</Filter>
    </ClCompile>
    <ClCompile Include="ComponentCamera.cpp">
      <Filter>Sources\Scene elements\GameObjects</Filter>
    </ClCompile>
    <ClCompile Include="ProjectWindow.cpp">
      <Filter>Sources\GUI</Filter>
    </ClCompile>
    <ClCompile Include="ResourceMesh.cpp">
      <Filter>Sources\Scene elements\Resources</Filter>
    </ClCompile>
    <ClCompile Include="ResourceTexture.cpp">
      <Filter>Sources\Scene elements\Resources</Filter>
    </ClCompile>
    <ClCompile Include="ResourceScene.cpp">
      <Filter>Sources\Scene elements\Resources</Filter>
    </ClCompile>
    <ClCompile Include="ResourceModel.cpp">
      <Filter>Sources\Scene elements\Resources</Filter>
    </ClCompile>
    <ClCompile Include="Intersection.cpp">
      <Filter>Sources\Tools</Filter>
    </ClCompile>
    <ClCompile Include="Time.cpp">
      <Filter>Sources\Tools\Time Management</Filter>
    </ClCompile>
    <ClCompile Include="Timer.cpp">
      <Filter>Sources\Tools\Time Management</Filter>
    </ClCompile>
    <ClCompile Include="DebugWindow.cpp">
      <Filter>Sources\GUI</Filter>
    </ClCompile>
    <ClCompile Include="ModuleScene.cpp">
      <Filter>Sources\Modules</Filter>
    </ClCompile>
    <ClCompile Include="PercularityResource.h">
      <Filter>Sources\Scene elements\Resources</Filter>
    </ClCompile>
    <ClCompile Include="ModulePhysics.cpp">
      <Filter>Sources\Modules</Filter>
    </ClCompile>
    <ClCompile Include="Debug.cpp">
      <Filter>Sources\Tools\Debug</Filter>
    </ClCompile>
    <ClCompile Include="MathGeoLib\include\Algorithm\Random\LCG.cpp">
      <Filter>Sources\3rd party\MathGeoLib\src</Filter>
    </ClCompile>
    <ClCompile Include="MathGeoLib\include\Geometry\AABB.cpp">
      <Filter>Sources\3rd party\MathGeoLib\src</Filter>
    </ClCompile>
    <ClCompile Include="MathGeoLib\include\Geometry\Capsule.cpp">
      <Filter>Sources\3rd party\MathGeoLib\src</Filter>
    </ClCompile>
    <ClCompile Include="MathGeoLib\include\Geometry\Circle.cpp">
      <Filter>Sources\3rd party\MathGeoLib\src</Filter>
    </ClCompile>
    <ClCompile Include="MathGeoLib\include\Geometry\Cone.cpp">
      <Filter>Sources\3rd party\MathGeoLib\src</Filter>
    </ClCompile>
    <ClCompile Include="MathGeoLib\include\Geometry\Cylinder.cpp">
      <Filter>Sources\3rd party\MathGeoLib\src</Filter>
    </ClCompile>
    <ClCompile Include="MathGeoLib\include\Geometry\Frustum.cpp">
      <Filter>Sources\3rd party\MathGeoLib\src</Filter>
    </ClCompile>
    <ClCompile Include="MathGeoLib\include\Geometry\Line.cpp">
      <Filter>Sources\3rd party\MathGeoLib\src</Filter>
    </ClCompile>
    <ClCompile Include="MathGeoLib\include\Geometry\LineSegment.cpp">
      <Filter>Sources\3rd party\MathGeoLib\src</Filter>
    </ClCompile>
    <ClCompile Include="MathGeoLib\include\Geometry\OBB.cpp">
      <Filter>Sources\3rd party\MathGeoLib\src</Filter>
    </ClCompile>
    <ClCompile Include="MathGeoLib\include\Geometry\Plane.cpp">
      <Filter>Sources\3rd party\MathGeoLib\src</Filter>
    </ClCompile>
    <ClCompile Include="MathGeoLib\include\Geometry\Polygon.cpp">
      <Filter>Sources\3rd party\MathGeoLib\src</Filter>
    </ClCompile>
    <ClCompile Include="MathGeoLib\include\Geometry\Polyhedron.cpp">
      <Filter>Sources\3rd party\MathGeoLib\src</Filter>
    </ClCompile>
    <ClCompile Include="MathGeoLib\include\Geometry\Ray.cpp">
      <Filter>Sources\3rd party\MathGeoLib\src</Filter>
    </ClCompile>
    <ClCompile Include="MathGeoLib\include\Geometry\Sphere.cpp">
      <Filter>Sources\3rd party\MathGeoLib\src</Filter>
    </ClCompile>
    <ClCompile Include="MathGeoLib\include\Geometry\Triangle.cpp">
      <Filter>Sources\3rd party\MathGeoLib\src</Filter>
    </ClCompile>
    <ClCompile Include="MathGeoLib\include\Geometry\TriangleMesh.cpp">
      <Filter>Sources\3rd party\MathGeoLib\src</Filter>
    </ClCompile>
    <ClCompile Include="MathGeoLib\include\Math\BitOps.cpp">
      <Filter>Sources\3rd party\MathGeoLib\src</Filter>
    </ClCompile>
    <ClCompile Include="MathGeoLib\include\Math\float2.cpp">
      <Filter>Sources\3rd party\MathGeoLib\src</Filter>
    </ClCompile>
    <ClCompile Include="MathGeoLib\include\Math\float3.cpp">
      <Filter>Sources\3rd party\MathGeoLib\src</Filter>
    </ClCompile>
    <ClCompile Include="MathGeoLib\include\Math\float3x3.cpp">
      <Filter>Sources\3rd party\MathGeoLib\src</Filter>
    </ClCompile>
    <ClCompile Include="MathGeoLib\include\Math\float3x4.cpp">
      <Filter>Sources\3rd party\MathGeoLib\src</Filter>
    </ClCompile>
    <ClCompile Include="MathGeoLib\include\Math\float4.cpp">
      <Filter>Sources\3rd party\MathGeoLib\src</Filter>
    </ClCompile>
    <ClCompile Include="MathGeoLib\include\Math\float4x4.cpp">
      <Filter>Sources\3rd party\MathGeoLib\src</Filter>
    </ClCompile>
    <ClCompile Include="MathGeoLib\include\Math\MathFunc.cpp">
      <Filter>Sources\3rd party\MathGeoLib\src</Filter>
    </ClCompile>
    <ClCompile Include="MathGeoLib\include\Math\MathLog.cpp">
      <Filter>Sources\3rd party\MathGeoLib\src</Filter>
    </ClCompile>
    <ClCompile Include="MathGeoLib\include\Math\MathOps.cpp">
      <Filter>Sources\3rd party\MathGeoLib\src</Filter>
    </ClCompile>
    <ClCompile Include="MathGeoLib\include\Math\Polynomial.cpp">
      <Filter>Sources\3rd party\MathGeoLib\src</Filter>
    </ClCompile>
    <ClCompile Include="MathGeoLib\include\Math\Quat.cpp">
      <Filter>Sources\3rd party\MathGeoLib\src</Filter>
    </ClCompile>
    <ClCompile Include="MathGeoLib\include\Math\SSEMath.cpp">
      <Filter>Sources\3rd party\MathGeoLib\src</Filter>
    </ClCompile>
    <ClCompile Include="MathGeoLib\include\Math\TransformOps.cpp">
      <Filter>Sources\3rd party\MathGeoLib\src</Filter>
    </ClCompile>
    <ClCompile Include="MathGeoLib\include\Time\Clock.cpp">
      <Filter>Sources\3rd party\MathGeoLib\src</Filter>
    </ClCompile>
    <ClCompile Include="ComponentRigidbody.cpp">
      <Filter>Sources\Scene elements\GameObjects</Filter>
    </ClCompile>
    <ClCompile Include="Primitive.cpp">
      <Filter>Sources\Helpers</Filter>
    </ClCompile>
    <ClCompile Include="ModulePlayer.cpp">
      <Filter>Sources\Modules</Filter>
    </ClCompile>
    <ClCompile Include="PhysVehicle.cpp">
      <Filter>Sources\Helpers</Filter>
    </ClCompile>
  </ItemGroup>
  <ItemGroup>
    <Image Include="Game\Icons\PercularityIcon7.ico">
      <Filter>Sources\Tools</Filter>
    </Image>
  </ItemGroup>
  <ItemGroup>
    <ResourceCompile Include="Percularity Engine.rc">
      <Filter>Sources\Tools</Filter>
    </ResourceCompile>
  </ItemGroup>
  <ItemGroup>
    <None Include="Game\Configuration\.editorconfig.json">
      <Filter>Sources\3rd party\Json</Filter>
    </None>
    <None Include="MathGeoLib\include\Geometry\KDTree.inl">
      <Filter>Sources\3rd party\MathGeoLib\src</Filter>
    </None>
    <None Include="MathGeoLib\include\Geometry\QuadTree.inl">
      <Filter>Sources\3rd party\MathGeoLib\src</Filter>
    </None>
    <None Include="MathGeoLib\include\Geometry\TriangleMesh_IntersectRay_AVX.inl">
      <Filter>Sources\3rd party\MathGeoLib\src</Filter>
    </None>
    <None Include="MathGeoLib\include\Geometry\TriangleMesh_IntersectRay_CPP.inl">
      <Filter>Sources\3rd party\MathGeoLib\src</Filter>
    </None>
    <None Include="MathGeoLib\include\Geometry\TriangleMesh_IntersectRay_SSE.inl">
      <Filter>Sources\3rd party\MathGeoLib\src</Filter>
    </None>
    <None Include="MathGeoLib\include\Math\Matrix.inl">
      <Filter>Sources\3rd party\MathGeoLib\src</Filter>
    </None>
  </ItemGroup>
</Project>